
Microsoft Visual Studio Solution File, Format Version 12.00
# Visual Studio 15
Project("{FAE04EC0-301F-11D3-BF4B-00C04F79EFBC}") = "Assembly-CSharp", "Assembly-CSharp.csproj", "{384AE037-7D47-7DEC-6127-A7DC5D0276CF}"
EndProject
Global
	GlobalSection(SolutionConfigurationPlatforms) = preSolution
		Debug|Any CPU = Debug|Any CPU
		Release|Any CPU = Release|Any CPU
	EndGlobalSection
	GlobalSection(ProjectConfigurationPlatforms) = postSolution
		{384AE037-7D47-7DEC-6127-A7DC5D0276CF}.Debug|Any CPU.ActiveCfg = Debug|Any CPU
		{384AE037-7D47-7DEC-6127-A7DC5D0276CF}.Debug|Any CPU.Build.0 = Debug|Any CPU
		{384AE037-7D47-7DEC-6127-A7DC5D0276CF}.Release|Any CPU.ActiveCfg = Release|Any CPU
		{384AE037-7D47-7DEC-6127-A7DC5D0276CF}.Release|Any CPU.Build.0 = Release|Any CPU
	EndGlobalSection
	GlobalSection(SolutionProperties) = preSolution
		HideSolutionNode = FALSE
	EndGlobalSection
EndGlobal
